
Microsoft Visual Studio Solution File, Format Version 12.00
# Visual Studio Version 17
VisualStudioVersion = 17.4.33213.308
MinimumVisualStudioVersion = 10.0.40219.1
Project("{FAE04EC0-301F-11D3-BF4B-00C04F79EFBC}") = "proekt", "proekt\proekt.csproj", "{C02BB9C2-0DFF-4D99-B236-46A555F92DAB}"
EndProject
Global
	GlobalSection(SolutionConfigurationPlatforms) = preSolution
		Debug|Any CPU = Debug|Any CPU
		Release|Any CPU = Release|Any CPU
	EndGlobalSection
	GlobalSection(ProjectConfigurationPlatforms) = postSolution
		{C02BB9C2-0DFF-4D99-B236-46A555F92DAB}.Debug|Any CPU.ActiveCfg = Debug|Any CPU
		{C02BB9C2-0DFF-4D99-B236-46A555F92DAB}.Debug|Any CPU.Build.0 = Debug|Any CPU
		{C02BB9C2-0DFF-4D99-B236-46A555F92DAB}.Release|Any CPU.ActiveCfg = Release|Any CPU
		{C02BB9C2-0DFF-4D99-B236-46A555F92DAB}.Release|Any CPU.Build.0 = Release|Any CPU
	EndGlobalSection
	GlobalSection(SolutionProperties) = preSolution
		HideSolutionNode = FALSE
	EndGlobalSection
	GlobalSection(ExtensibilityGlobals) = postSolution
		SolutionGuid = {BCA045CA-F9B3-42B1-8E42-A3511188BD49}
	EndGlobalSection
EndGlobal
